
Microsoft Visual Studio Solution File, Format Version 12.00
# Visual Studio 15
VisualStudioVersion = 15.0.26730.3
MinimumVisualStudioVersion = 10.0.40219.1
Project("{FAE04EC0-301F-11D3-BF4B-00C04F79EFBC}") = "SortingExtensions", "SortingAlgorithms\SortingExtensions.csproj", "{F6F18C9E-3FB7-4F44-9613-5FF11D53DE3C}"
EndProject
Project("{FAE04EC0-301F-11D3-BF4B-00C04F79EFBC}") = "AlgoTester", "AlgoTester\AlgoTester.csproj", "{34F5BFF6-F356-430D-B1C6-0FA4768677AE}"
EndProject
Global
	GlobalSection(SolutionConfigurationPlatforms) = preSolution
		Debug|Any CPU = Debug|Any CPU
		Release|Any CPU = Release|Any CPU
	EndGlobalSection
	GlobalSection(ProjectConfigurationPlatforms) = postSolution
		{F6F18C9E-3FB7-4F44-9613-5FF11D53DE3C}.Debug|Any CPU.ActiveCfg = Debug|Any CPU
		{F6F18C9E-3FB7-4F44-9613-5FF11D53DE3C}.Debug|Any CPU.Build.0 = Debug|Any CPU
		{F6F18C9E-3FB7-4F44-9613-5FF11D53DE3C}.Release|Any CPU.ActiveCfg = Release|Any CPU
		{F6F18C9E-3FB7-4F44-9613-5FF11D53DE3C}.Release|Any CPU.Build.0 = Release|Any CPU
		{34F5BFF6-F356-430D-B1C6-0FA4768677AE}.Debug|Any CPU.ActiveCfg = Debug|Any CPU
		{34F5BFF6-F356-430D-B1C6-0FA4768677AE}.Debug|Any CPU.Build.0 = Debug|Any CPU
		{34F5BFF6-F356-430D-B1C6-0FA4768677AE}.Release|Any CPU.ActiveCfg = Release|Any CPU
		{34F5BFF6-F356-430D-B1C6-0FA4768677AE}.Release|Any CPU.Build.0 = Release|Any CPU
	EndGlobalSection
	GlobalSection(SolutionProperties) = preSolution
		HideSolutionNode = FALSE
	EndGlobalSection
	GlobalSection(ExtensibilityGlobals) = postSolution
		SolutionGuid = {53774AF9-D45A-4B69-B010-9F1D4B3D07D6}
	EndGlobalSection
EndGlobal
